// !$*UTF8*$!
{
	archiveVersion = 1;
	classes = {
	};
	objectVersion = 52;
	objects = {

/* Begin PBXBuildFile section */
		4A42D3E62555CF2A00067E57 /* AppDelegate.swift in Sources */ = {isa = PBXBuildFile; fileRef = 4A42D3E52555CF2A00067E57 /* AppDelegate.swift */; };
		4A42D3E82555CF2A00067E57 /* SceneDelegate.swift in Sources */ = {isa = PBXBuildFile; fileRef = 4A42D3E72555CF2A00067E57 /* SceneDelegate.swift */; };
		4A42D3EA2555CF2A00067E57 /* ViewController.swift in Sources */ = {isa = PBXBuildFile; fileRef = 4A42D3E92555CF2A00067E57 /* ViewController.swift */; };
		4A42D3ED2555CF2A00067E57 /* Main.storyboard in Resources */ = {isa = PBXBuildFile; fileRef = 4A42D3EB2555CF2A00067E57 /* Main.storyboard */; };
		4A42D3EF2555CF2D00067E57 /* Assets.xcassets in Resources */ = {isa = PBXBuildFile; fileRef = 4A42D3EE2555CF2D00067E57 /* Assets.xcassets */; };
		4A42D3F22555CF2D00067E57 /* LaunchScreen.storyboard in Resources */ = {isa = PBXBuildFile; fileRef = 4A42D3F02555CF2D00067E57 /* LaunchScreen.storyboard */; };
		4A42D3FD2555CF2D00067E57 /* MultiScreenTests.swift in Sources */ = {isa = PBXBuildFile; fileRef = 4A42D3FC2555CF2D00067E57 /* MultiScreenTests.swift */; };
		4A42D4082555CF2D00067E57 /* MultiScreenUITests.swift in Sources */ = {isa = PBXBuildFile; fileRef = 4A42D4072555CF2D00067E57 /* MultiScreenUITests.swift */; };
		4A42D41E2555D03600067E57 /* FileUtils.swift in Sources */ = {isa = PBXBuildFile; fileRef = 4A42D41D2555D03600067E57 /* FileUtils.swift */; };
		4A42D4352555DAC800067E57 /* Logging in Frameworks */ = {isa = PBXBuildFile; productRef = 4A42D4342555DAC800067E57 /* Logging */; };
		4AED2826255B218B00823C2A /* www.bundle in Resources */ = {isa = PBXBuildFile; fileRef = 4AED2825255B218B00823C2A /* www.bundle */; };
/* End PBXBuildFile section */

/* Begin PBXContainerItemProxy section */
		4A42D3F92555CF2D00067E57 /* PBXContainerItemProxy */ = {
			isa = PBXContainerItemProxy;
			containerPortal = 4A42D3DA2555CF2A00067E57 /* Project object */;
			proxyType = 1;
			remoteGlobalIDString = 4A42D3E12555CF2A00067E57;
			remoteInfo = MultiScreen;
		};
		4A42D4042555CF2D00067E57 /* PBXContainerItemProxy */ = {
			isa = PBXContainerItemProxy;
			containerPortal = 4A42D3DA2555CF2A00067E57 /* Project object */;
			proxyType = 1;
			remoteGlobalIDString = 4A42D3E12555CF2A00067E57;
			remoteInfo = MultiScreen;
		};
/* End PBXContainerItemProxy section */

/* Begin PBXFileReference section */
		4A42D3E22555CF2A00067E57 /* MultiScreen.app */ = {isa = PBXFileReference; explicitFileType = wrapper.application; includeInIndex = 0; path = MultiScreen.app; sourceTree = BUILT_PRODUCTS_DIR; };
		4A42D3E52555CF2A00067E57 /* AppDelegate.swift */ = {isa = PBXFileReference; lastKnownFileType = sourcecode.swift; path = AppDelegate.swift; sourceTree = "<group>"; };
		4A42D3E72555CF2A00067E57 /* SceneDelegate.swift */ = {isa = PBXFileReference; lastKnownFileType = sourcecode.swift; path = SceneDelegate.swift; sourceTree = "<group>"; };
		4A42D3E92555CF2A00067E57 /* ViewController.swift */ = {isa = PBXFileReference; lastKnownFileType = sourcecode.swift; path = ViewController.swift; sourceTree = "<group>"; };
		4A42D3EC2555CF2A00067E57 /* Base */ = {isa = PBXFileReference; lastKnownFileType = file.storyboard; name = Base; path = Base.lproj/Main.storyboard; sourceTree = "<group>"; };
		4A42D3EE2555CF2D00067E57 /* Assets.xcassets */ = {isa = PBXFileReference; lastKnownFileType = folder.assetcatalog; path = Assets.xcassets; sourceTree = "<group>"; };
		4A42D3F12555CF2D00067E57 /* Base */ = {isa = PBXFileReference; lastKnownFileType = file.storyboard; name = Base; path = Base.lproj/LaunchScreen.storyboard; sourceTree = "<group>"; };
		4A42D3F32555CF2D00067E57 /* Info.plist */ = {isa = PBXFileReference; lastKnownFileType = text.plist.xml; path = Info.plist; sourceTree = "<group>"; };
		4A42D3F82555CF2D00067E57 /* MultiScreenTests.xctest */ = {isa = PBXFileReference; explicitFileType = wrapper.cfbundle; includeInIndex = 0; path = MultiScreenTests.xctest; sourceTree = BUILT_PRODUCTS_DIR; };
		4A42D3FC2555CF2D00067E57 /* MultiScreenTests.swift */ = {isa = PBXFileReference; lastKnownFileType = sourcecode.swift; path = MultiScreenTests.swift; sourceTree = "<group>"; };
		4A42D3FE2555CF2D00067E57 /* Info.plist */ = {isa = PBXFileReference; lastKnownFileType = text.plist.xml; path = Info.plist; sourceTree = "<group>"; };
		4A42D4032555CF2D00067E57 /* MultiScreenUITests.xctest */ = {isa = PBXFileReference; explicitFileType = wrapper.cfbundle; includeInIndex = 0; path = MultiScreenUITests.xctest; sourceTree = BUILT_PRODUCTS_DIR; };
		4A42D4072555CF2D00067E57 /* MultiScreenUITests.swift */ = {isa = PBXFileReference; lastKnownFileType = sourcecode.swift; path = MultiScreenUITests.swift; sourceTree = "<group>"; };
		4A42D4092555CF2D00067E57 /* Info.plist */ = {isa = PBXFileReference; lastKnownFileType = text.plist.xml; path = Info.plist; sourceTree = "<group>"; };
		4A42D41D2555D03600067E57 /* FileUtils.swift */ = {isa = PBXFileReference; lastKnownFileType = sourcecode.swift; path = FileUtils.swift; sourceTree = "<group>"; };
		4A42D4232555D14F00067E57 /* MultiScreen.entitlements */ = {isa = PBXFileReference; lastKnownFileType = text.plist.entitlements; path = MultiScreen.entitlements; sourceTree = "<group>"; };
		4AED2825255B218B00823C2A /* www.bundle */ = {isa = PBXFileReference; lastKnownFileType = "wrapper.plug-in"; path = www.bundle; sourceTree = "<group>"; };
/* End PBXFileReference section */

/* Begin PBXFrameworksBuildPhase section */
		4A42D3DF2555CF2A00067E57 /* Frameworks */ = {
			isa = PBXFrameworksBuildPhase;
			buildActionMask = 2147483647;
			files = (
				4A42D4352555DAC800067E57 /* Logging in Frameworks */,
			);
			runOnlyForDeploymentPostprocessing = 0;
		};
		4A42D3F52555CF2D00067E57 /* Frameworks */ = {
			isa = PBXFrameworksBuildPhase;
			buildActionMask = 2147483647;
			files = (
			);
			runOnlyForDeploymentPostprocessing = 0;
		};
		4A42D4002555CF2D00067E57 /* Frameworks */ = {
			isa = PBXFrameworksBuildPhase;
			buildActionMask = 2147483647;
			files = (
			);
			runOnlyForDeploymentPostprocessing = 0;
		};
/* End PBXFrameworksBuildPhase section */

/* Begin PBXGroup section */
		4A42D3D92555CF2A00067E57 = {
			isa = PBXGroup;
			children = (
				4A42D3E42555CF2A00067E57 /* MultiScreen */,
				4A42D3FB2555CF2D00067E57 /* MultiScreenTests */,
				4A42D4062555CF2D00067E57 /* MultiScreenUITests */,
				4A42D3E32555CF2A00067E57 /* Products */,
			);
			sourceTree = "<group>";
		};
		4A42D3E32555CF2A00067E57 /* Products */ = {
			isa = PBXGroup;
			children = (
				4A42D3E22555CF2A00067E57 /* MultiScreen.app */,
				4A42D3F82555CF2D00067E57 /* MultiScreenTests.xctest */,
				4A42D4032555CF2D00067E57 /* MultiScreenUITests.xctest */,
			);
			name = Products;
			sourceTree = "<group>";
		};
		4A42D3E42555CF2A00067E57 /* MultiScreen */ = {
			isa = PBXGroup;
			children = (
				4AED2825255B218B00823C2A /* www.bundle */,
				4A42D4232555D14F00067E57 /* MultiScreen.entitlements */,
				4A42D3E52555CF2A00067E57 /* AppDelegate.swift */,
				4A42D3E72555CF2A00067E57 /* SceneDelegate.swift */,
				4A42D3E92555CF2A00067E57 /* ViewController.swift */,
				4A42D3EB2555CF2A00067E57 /* Main.storyboard */,
				4A42D3EE2555CF2D00067E57 /* Assets.xcassets */,
				4A42D3F02555CF2D00067E57 /* LaunchScreen.storyboard */,
				4A42D3F32555CF2D00067E57 /* Info.plist */,
				4A42D41D2555D03600067E57 /* FileUtils.swift */,
			);
			path = MultiScreen;
			sourceTree = "<group>";
		};
		4A42D3FB2555CF2D00067E57 /* MultiScreenTests */ = {
			isa = PBXGroup;
			children = (
				4A42D3FC2555CF2D00067E57 /* MultiScreenTests.swift */,
				4A42D3FE2555CF2D00067E57 /* Info.plist */,
			);
			path = MultiScreenTests;
			sourceTree = "<group>";
		};
		4A42D4062555CF2D00067E57 /* MultiScreenUITests */ = {
			isa = PBXGroup;
			children = (
				4A42D4072555CF2D00067E57 /* MultiScreenUITests.swift */,
				4A42D4092555CF2D00067E57 /* Info.plist */,
			);
			path = MultiScreenUITests;
			sourceTree = "<group>";
		};
/* End PBXGroup section */

/* Begin PBXNativeTarget section */
		4A42D3E12555CF2A00067E57 /* MultiScreen */ = {
			isa = PBXNativeTarget;
			buildConfigurationList = 4A42D40C2555CF2D00067E57 /* Build configuration list for PBXNativeTarget "MultiScreen" */;
			buildPhases = (
				4A42D3DE2555CF2A00067E57 /* Sources */,
				4A42D3DF2555CF2A00067E57 /* Frameworks */,
				4A42D3E02555CF2A00067E57 /* Resources */,
			);
			buildRules = (
			);
			dependencies = (
			);
			name = MultiScreen;
			packageProductDependencies = (
				4A42D4342555DAC800067E57 /* Logging */,
			);
			productName = MultiScreen;
			productReference = 4A42D3E22555CF2A00067E57 /* MultiScreen.app */;
			productType = "com.apple.product-type.application";
		};
		4A42D3F72555CF2D00067E57 /* MultiScreenTests */ = {
			isa = PBXNativeTarget;
			buildConfigurationList = 4A42D40F2555CF2D00067E57 /* Build configuration list for PBXNativeTarget "MultiScreenTests" */;
			buildPhases = (
				4A42D3F42555CF2D00067E57 /* Sources */,
				4A42D3F52555CF2D00067E57 /* Frameworks */,
				4A42D3F62555CF2D00067E57 /* Resources */,
			);
			buildRules = (
			);
			dependencies = (
				4A42D3FA2555CF2D00067E57 /* PBXTargetDependency */,
			);
			name = MultiScreenTests;
			productName = MultiScreenTests;
			productReference = 4A42D3F82555CF2D00067E57 /* MultiScreenTests.xctest */;
			productType = "com.apple.product-type.bundle.unit-test";
		};
		4A42D4022555CF2D00067E57 /* MultiScreenUITests */ = {
			isa = PBXNativeTarget;
			buildConfigurationList = 4A42D4122555CF2D00067E57 /* Build configuration list for PBXNativeTarget "MultiScreenUITests" */;
			buildPhases = (
				4A42D3FF2555CF2D00067E57 /* Sources */,
				4A42D4002555CF2D00067E57 /* Frameworks */,
				4A42D4012555CF2D00067E57 /* Resources */,
			);
			buildRules = (
			);
			dependencies = (
				4A42D4052555CF2D00067E57 /* PBXTargetDependency */,
			);
			name = MultiScreenUITests;
			productName = MultiScreenUITests;
			productReference = 4A42D4032555CF2D00067E57 /* MultiScreenUITests.xctest */;
			productType = "com.apple.product-type.bundle.ui-testing";
		};
/* End PBXNativeTarget section */

/* Begin PBXProject section */
		4A42D3DA2555CF2A00067E57 /* Project object */ = {
			isa = PBXProject;
			attributes = {
				LastSwiftUpdateCheck = 1210;
				LastUpgradeCheck = 1210;
				TargetAttributes = {
					4A42D3E12555CF2A00067E57 = {
						CreatedOnToolsVersion = 12.1;
					};
					4A42D3F72555CF2D00067E57 = {
						CreatedOnToolsVersion = 12.1;
						TestTargetID = 4A42D3E12555CF2A00067E57;
					};
					4A42D4022555CF2D00067E57 = {
						CreatedOnToolsVersion = 12.1;
						TestTargetID = 4A42D3E12555CF2A00067E57;
					};
				};
			};
			buildConfigurationList = 4A42D3DD2555CF2A00067E57 /* Build configuration list for PBXProject "MultiScreen" */;
			compatibilityVersion = "Xcode 9.3";
			developmentRegion = en;
			hasScannedForEncodings = 0;
			knownRegions = (
				en,
				Base,
			);
			mainGroup = 4A42D3D92555CF2A00067E57;
			packageReferences = (
				4A42D4332555DAC800067E57 /* XCRemoteSwiftPackageReference "swift-log" */,
			);
			productRefGroup = 4A42D3E32555CF2A00067E57 /* Products */;
			projectDirPath = "";
			projectRoot = "";
			targets = (
				4A42D3E12555CF2A00067E57 /* MultiScreen */,
				4A42D3F72555CF2D00067E57 /* MultiScreenTests */,
				4A42D4022555CF2D00067E57 /* MultiScreenUITests */,
			);
		};
/* End PBXProject section */

/* Begin PBXResourcesBuildPhase section */
		4A42D3E02555CF2A00067E57 /* Resources */ = {
			isa = PBXResourcesBuildPhase;
			buildActionMask = 2147483647;
			files = (
				4A42D3F22555CF2D00067E57 /* LaunchScreen.storyboard in Resources */,
				4A42D3EF2555CF2D00067E57 /* Assets.xcassets in Resources */,
				4A42D3ED2555CF2A00067E57 /* Main.storyboard in Resources */,
				4AED2826255B218B00823C2A /* www.bundle in Resources */,
			);
			runOnlyForDeploymentPostprocessing = 0;
		};
		4A42D3F62555CF2D00067E57 /* Resources */ = {
			isa = PBXResourcesBuildPhase;
			buildActionMask = 2147483647;
			files = (
			);
			runOnlyForDeploymentPostprocessing = 0;
		};
		4A42D4012555CF2D00067E57 /* Resources */ = {
			isa = PBXResourcesBuildPhase;
			buildActionMask = 2147483647;
			files = (
			);
			runOnlyForDeploymentPostprocessing = 0;
		};
/* End PBXResourcesBuildPhase section */

/* Begin PBXSourcesBuildPhase section */
		4A42D3DE2555CF2A00067E57 /* Sources */ = {
			isa = PBXSourcesBuildPhase;
			buildActionMask = 2147483647;
			files = (
				4A42D3EA2555CF2A00067E57 /* ViewController.swift in Sources */,
				4A42D3E62555CF2A00067E57 /* AppDelegate.swift in Sources */,
				4A42D3E82555CF2A00067E57 /* SceneDelegate.swift in Sources */,
				4A42D41E2555D03600067E57 /* FileUtils.swift in Sources */,
			);
			runOnlyForDeploymentPostprocessing = 0;
		};
		4A42D3F42555CF2D00067E57 /* Sources */ = {
			isa = PBXSourcesBuildPhase;
			buildActionMask = 2147483647;
			files = (
				4A42D3FD2555CF2D00067E57 /* MultiScreenTests.swift in Sources */,
			);
			runOnlyForDeploymentPostprocessing = 0;
		};
		4A42D3FF2555CF2D00067E57 /* Sources */ = {
			isa = PBXSourcesBuildPhase;
			buildActionMask = 2147483647;
			files = (
				4A42D4082555CF2D00067E57 /* MultiScreenUITests.swift in Sources */,
			);
			runOnlyForDeploymentPostprocessing = 0;
		};
/* End PBXSourcesBuildPhase section */

/* Begin PBXTargetDependency section */
		4A42D3FA2555CF2D00067E57 /* PBXTargetDependency */ = {
			isa = PBXTargetDependency;
			target = 4A42D3E12555CF2A00067E57 /* MultiScreen */;
			targetProxy = 4A42D3F92555CF2D00067E57 /* PBXContainerItemProxy */;
		};
		4A42D4052555CF2D00067E57 /* PBXTargetDependency */ = {
			isa = PBXTargetDependency;
			target = 4A42D3E12555CF2A00067E57 /* MultiScreen */;
			targetProxy = 4A42D4042555CF2D00067E57 /* PBXContainerItemProxy */;
		};
/* End PBXTargetDependency section */

/* Begin PBXVariantGroup section */
		4A42D3EB2555CF2A00067E57 /* Main.storyboard */ = {
			isa = PBXVariantGroup;
			children = (
				4A42D3EC2555CF2A00067E57 /* Base */,
			);
			name = Main.storyboard;
			sourceTree = "<group>";
		};
		4A42D3F02555CF2D00067E57 /* LaunchScreen.storyboard */ = {
			isa = PBXVariantGroup;
			children = (
				4A42D3F12555CF2D00067E57 /* Base */,
			);
			name = LaunchScreen.storyboard;
			sourceTree = "<group>";
		};
/* End PBXVariantGroup section */

/* Begin XCBuildConfiguration section */
		4A42D40A2555CF2D00067E57 /* Debug */ = {
			isa = XCBuildConfiguration;
			buildSettings = {
				ALWAYS_SEARCH_USER_PATHS = NO;
				CLANG_ANALYZER_NONNULL = YES;
				CLANG_ANALYZER_NUMBER_OBJECT_CONVERSION = YES_AGGRESSIVE;
				CLANG_CXX_LANGUAGE_STANDARD = "gnu++14";
				CLANG_CXX_LIBRARY = "libc++";
				CLANG_ENABLE_MODULES = YES;
				CLANG_ENABLE_OBJC_ARC = YES;
				CLANG_ENABLE_OBJC_WEAK = YES;
				CLANG_WARN_BLOCK_CAPTURE_AUTORELEASING = YES;
				CLANG_WARN_BOOL_CONVERSION = YES;
				CLANG_WARN_COMMA = YES;
				CLANG_WARN_CONSTANT_CONVERSION = YES;
				CLANG_WARN_DEPRECATED_OBJC_IMPLEMENTATIONS = YES;
				CLANG_WARN_DIRECT_OBJC_ISA_USAGE = YES_ERROR;
				CLANG_WARN_DOCUMENTATION_COMMENTS = YES;
				CLANG_WARN_EMPTY_BODY = YES;
				CLANG_WARN_ENUM_CONVERSION = YES;
				CLANG_WARN_INFINITE_RECURSION = YES;
				CLANG_WARN_INT_CONVERSION = YES;
				CLANG_WARN_NON_LITERAL_NULL_CONVERSION = YES;
				CLANG_WARN_OBJC_IMPLICIT_RETAIN_SELF = YES;
				CLANG_WARN_OBJC_LITERAL_CONVERSION = YES;
				CLANG_WARN_OBJC_ROOT_CLASS = YES_ERROR;
				CLANG_WARN_QUOTED_INCLUDE_IN_FRAMEWORK_HEADER = YES;
				CLANG_WARN_RANGE_LOOP_ANALYSIS = YES;
				CLANG_WARN_STRICT_PROTOTYPES = YES;
				CLANG_WARN_SUSPICIOUS_MOVE = YES;
				CLANG_WARN_UNGUARDED_AVAILABILITY = YES_AGGRESSIVE;
				CLANG_WARN_UNREACHABLE_CODE = YES;
				CLANG_WARN__DUPLICATE_METHOD_MATCH = YES;
				COPY_PHASE_STRIP = NO;
				DEBUG_INFORMATION_FORMAT = dwarf;
				ENABLE_STRICT_OBJC_MSGSEND = YES;
				ENABLE_TESTABILITY = YES;
				GCC_C_LANGUAGE_STANDARD = gnu11;
				GCC_DYNAMIC_NO_PIC = NO;
				GCC_NO_COMMON_BLOCKS = YES;
				GCC_OPTIMIZATION_LEVEL = 0;
				GCC_PREPROCESSOR_DEFINITIONS = (
					"DEBUG=1",
					"$(inherited)",
				);
				GCC_WARN_64_TO_32_BIT_CONVERSION = YES;
				GCC_WARN_ABOUT_RETURN_TYPE = YES_ERROR;
				GCC_WARN_UNDECLARED_SELECTOR = YES;
				GCC_WARN_UNINITIALIZED_AUTOS = YES_AGGRESSIVE;
				GCC_WARN_UNUSED_FUNCTION = YES;
				GCC_WARN_UNUSED_VARIABLE = YES;
				IPHONEOS_DEPLOYMENT_TARGET = 14.1;
				MTL_ENABLE_DEBUG_INFO = INCLUDE_SOURCE;
				MTL_FAST_MATH = YES;
				ONLY_ACTIVE_ARCH = YES;
				SDKROOT = iphoneos;
				SWIFT_ACTIVE_COMPILATION_CONDITIONS = DEBUG;
				SWIFT_OPTIMIZATION_LEVEL = "-Onone";
			};
			name = Debug;
		};
		4A42D40B2555CF2D00067E57 /* Release */ = {
			isa = XCBuildConfiguration;
			buildSettings = {
				ALWAYS_SEARCH_USER_PATHS = NO;
				CLANG_ANALYZER_NONNULL = YES;
				CLANG_ANALYZER_NUMBER_OBJECT_CONVERSION = YES_AGGRESSIVE;
				CLANG_CXX_LANGUAGE_STANDARD = "gnu++14";
				CLANG_CXX_LIBRARY = "libc++";
				CLANG_ENABLE_MODULES = YES;
				CLANG_ENABLE_OBJC_ARC = YES;
				CLANG_ENABLE_OBJC_WEAK = YES;
				CLANG_WARN_BLOCK_CAPTURE_AUTORELEASING = YES;
				CLANG_WARN_BOOL_CONVERSION = YES;
				CLANG_WARN_COMMA = YES;
				CLANG_WARN_CONSTANT_CONVERSION = YES;
				CLANG_WARN_DEPRECATED_OBJC_IMPLEMENTATIONS = YES;
				CLANG_WARN_DIRECT_OBJC_ISA_USAGE = YES_ERROR;
				CLANG_WARN_DOCUMENTATION_COMMENTS = YES;
				CLANG_WARN_EMPTY_BODY = YES;
				CLANG_WARN_ENUM_CONVERSION = YES;
				CLANG_WARN_INFINITE_RECURSION = YES;
				CLANG_WARN_INT_CONVERSION = YES;
				CLANG_WARN_NON_LITERAL_NULL_CONVERSION = YES;
				CLANG_WARN_OBJC_IMPLICIT_RETAIN_SELF = YES;
				CLANG_WARN_OBJC_LITERAL_CONVERSION = YES;
				CLANG_WARN_OBJC_ROOT_CLASS = YES_ERROR;
				CLANG_WARN_QUOTED_INCLUDE_IN_FRAMEWORK_HEADER = YES;
				CLANG_WARN_RANGE_LOOP_ANALYSIS = YES;
				CLANG_WARN_STRICT_PROTOTYPES = YES;
				CLANG_WARN_SUSPICIOUS_MOVE = YES;
				CLANG_WARN_UNGUARDED_AVAILABILITY = YES_AGGRESSIVE;
				CLANG_WARN_UNREACHABLE_CODE = YES;
				CLANG_WARN__DUPLICATE_METHOD_MATCH = YES;
				COPY_PHASE_STRIP = NO;
				DEBUG_INFORMATION_FORMAT = "dwarf-with-dsym";
				ENABLE_NS_ASSERTIONS = NO;
				ENABLE_STRICT_OBJC_MSGSEND = YES;
				GCC_C_LANGUAGE_STANDARD = gnu11;
				GCC_NO_COMMON_BLOCKS = YES;
				GCC_WARN_64_TO_32_BIT_CONVERSION = YES;
				GCC_WARN_ABOUT_RETURN_TYPE = YES_ERROR;
				GCC_WARN_UNDECLARED_SELECTOR = YES;
				GCC_WARN_UNINITIALIZED_AUTOS = YES_AGGRESSIVE;
				GCC_WARN_UNUSED_FUNCTION = YES;
				GCC_WARN_UNUSED_VARIABLE = YES;
				IPHONEOS_DEPLOYMENT_TARGET = 14.1;
				MTL_ENABLE_DEBUG_INFO = NO;
				MTL_FAST_MATH = YES;
				SDKROOT = iphoneos;
				SWIFT_COMPILATION_MODE = wholemodule;
				SWIFT_OPTIMIZATION_LEVEL = "-O";
				VALIDATE_PRODUCT = YES;
			};
			name = Release;
		};
		4A42D40D2555CF2D00067E57 /* Debug */ = {
			isa = XCBuildConfiguration;
			buildSettings = {
				ASSETCATALOG_COMPILER_APPICON_NAME = AppIcon;
				ASSETCATALOG_COMPILER_GLOBAL_ACCENT_COLOR_NAME = AccentColor;
				CODE_SIGN_ENTITLEMENTS = MultiScreen/MultiScreen.entitlements;
				CODE_SIGN_STYLE = Automatic;
				DEVELOPMENT_TEAM = 68966928SB;
				INFOPLIST_FILE = MultiScreen/Info.plist;
				IPHONEOS_DEPLOYMENT_TARGET = 13.5;
				"IPHONEOS_DEPLOYMENT_TARGET[sdk=macosx*]" = 13.6;
				LD_RUNPATH_SEARCH_PATHS = (
					"$(inherited)",
					"@executable_path/Frameworks",
				);
				MARKETING_VERSION = 0.0.1;
				PRODUCT_BUNDLE_IDENTIFIER = org.sfomuseum.multiscreen;
				PRODUCT_NAME = "$(TARGET_NAME)";
				SUPPORTS_MACCATALYST = YES;
				SWIFT_VERSION = 5.0;
				TARGETED_DEVICE_FAMILY = "1,2";
			};
			name = Debug;
		};
		4A42D40E2555CF2D00067E57 /* Release */ = {
			isa = XCBuildConfiguration;
			buildSettings = {
				ASSETCATALOG_COMPILER_APPICON_NAME = AppIcon;
				ASSETCATALOG_COMPILER_GLOBAL_ACCENT_COLOR_NAME = AccentColor;
				CODE_SIGN_ENTITLEMENTS = MultiScreen/MultiScreen.entitlements;
				CODE_SIGN_STYLE = Automatic;
				DEVELOPMENT_TEAM = 68966928SB;
				INFOPLIST_FILE = MultiScreen/Info.plist;
				IPHONEOS_DEPLOYMENT_TARGET = 13.5;
				"IPHONEOS_DEPLOYMENT_TARGET[sdk=macosx*]" = 13.6;
				LD_RUNPATH_SEARCH_PATHS = (
					"$(inherited)",
					"@executable_path/Frameworks",
				);
				MARKETING_VERSION = 0.0.1;
				PRODUCT_BUNDLE_IDENTIFIER = org.sfomuseum.multiscreen;
				PRODUCT_NAME = "$(TARGET_NAME)";
				SUPPORTS_MACCATALYST = YES;
				SWIFT_VERSION = 5.0;
				TARGETED_DEVICE_FAMILY = "1,2";
			};
			name = Release;
		};
		4A42D4102555CF2D00067E57 /* Debug */ = {
			isa = XCBuildConfiguration;
			buildSettings = {
				ALWAYS_EMBED_SWIFT_STANDARD_LIBRARIES = YES;
				BUNDLE_LOADER = "$(TEST_HOST)";
				CODE_SIGN_STYLE = Automatic;
				DEVELOPMENT_TEAM = 68966928SB;
				INFOPLIST_FILE = MultiScreenTests/Info.plist;
				IPHONEOS_DEPLOYMENT_TARGET = 14.1;
				LD_RUNPATH_SEARCH_PATHS = (
					"$(inherited)",
					"@executable_path/Frameworks",
					"@loader_path/Frameworks",
				);
				PRODUCT_BUNDLE_IDENTIFIER = org.sfomuseum.MultiScreenTests;
				PRODUCT_NAME = "$(TARGET_NAME)";
				SWIFT_VERSION = 5.0;
				TARGETED_DEVICE_FAMILY = "1,2";
				TEST_HOST = "$(BUILT_PRODUCTS_DIR)/MultiScreen.app/MultiScreen";
			};
			name = Debug;
		};
		4A42D4112555CF2D00067E57 /* Release */ = {
			isa = XCBuildConfiguration;
			buildSettings = {
				ALWAYS_EMBED_SWIFT_STANDARD_LIBRARIES = YES;
				BUNDLE_LOADER = "$(TEST_HOST)";
				CODE_SIGN_STYLE = Automatic;
				DEVELOPMENT_TEAM = 68966928SB;
				INFOPLIST_FILE = MultiScreenTests/Info.plist;
				IPHONEOS_DEPLOYMENT_TARGET = 14.1;
				LD_RUNPATH_SEARCH_PATHS = (
					"$(inherited)",
					"@executable_path/Frameworks",
					"@loader_path/Frameworks",
				);
				PRODUCT_BUNDLE_IDENTIFIER = org.sfomuseum.MultiScreenTests;
				PRODUCT_NAME = "$(TARGET_NAME)";
				SWIFT_VERSION = 5.0;
				TARGETED_DEVICE_FAMILY = "1,2";
				TEST_HOST = "$(BUILT_PRODUCTS_DIR)/MultiScreen.app/MultiScreen";
			};
			name = Release;
		};
		4A42D4132555CF2D00067E57 /* Debug */ = {
			isa = XCBuildConfiguration;
			buildSettings = {
				ALWAYS_EMBED_SWIFT_STANDARD_LIBRARIES = YES;
				CODE_SIGN_STYLE = Automatic;
				DEVELOPMENT_TEAM = 68966928SB;
				INFOPLIST_FILE = MultiScreenUITests/Info.plist;
				LD_RUNPATH_SEARCH_PATHS = (
					"$(inherited)",
					"@executable_path/Frameworks",
					"@loader_path/Frameworks",
				);
				PRODUCT_BUNDLE_IDENTIFIER = org.sfomuseum.MultiScreenUITests;
				PRODUCT_NAME = "$(TARGET_NAME)";
				SWIFT_VERSION = 5.0;
				TARGETED_DEVICE_FAMILY = "1,2";
				TEST_TARGET_NAME = MultiScreen;
			};
			name = Debug;
		};
		4A42D4142555CF2D00067E57 /* Release */ = {
			isa = XCBuildConfiguration;
			buildSettings = {
				ALWAYS_EMBED_SWIFT_STANDARD_LIBRARIES = YES;
				CODE_SIGN_STYLE = Automatic;
				DEVELOPMENT_TEAM = 68966928SB;
				INFOPLIST_FILE = MultiScreenUITests/Info.plist;
				LD_RUNPATH_SEARCH_PATHS = (
					"$(inherited)",
					"@executable_path/Frameworks",
					"@loader_path/Frameworks",
				);
				PRODUCT_BUNDLE_IDENTIFIER = org.sfomuseum.MultiScreenUITests;
				PRODUCT_NAME = "$(TARGET_NAME)";
				SWIFT_VERSION = 5.0;
				TARGETED_DEVICE_FAMILY = "1,2";
				TEST_TARGET_NAME = MultiScreen;
			};
			name = Release;
		};
/* End XCBuildConfiguration section */

/* Begin XCConfigurationList section */
		4A42D3DD2555CF2A00067E57 /* Build configuration list for PBXProject "MultiScreen" */ = {
			isa = XCConfigurationList;
			buildConfigurations = (
				4A42D40A2555CF2D00067E57 /* Debug */,
				4A42D40B2555CF2D00067E57 /* Release */,
			);
			defaultConfigurationIsVisible = 0;
			defaultConfigurationName = Release;
		};
		4A42D40C2555CF2D00067E57 /* Build configuration list for PBXNativeTarget "MultiScreen" */ = {
			isa = XCConfigurationList;
			buildConfigurations = (
				4A42D40D2555CF2D00067E57 /* Debug */,
				4A42D40E2555CF2D00067E57 /* Release */,
			);
			defaultConfigurationIsVisible = 0;
			defaultConfigurationName = Release;
		};
		4A42D40F2555CF2D00067E57 /* Build configuration list for PBXNativeTarget "MultiScreenTests" */ = {
			isa = XCConfigurationList;
			buildConfigurations = (
				4A42D4102555CF2D00067E57 /* Debug */,
				4A42D4112555CF2D00067E57 /* Release */,
			);
			defaultConfigurationIsVisible = 0;
			defaultConfigurationName = Release;
		};
		4A42D4122555CF2D00067E57 /* Build configuration list for PBXNativeTarget "MultiScreenUITests" */ = {
			isa = XCConfigurationList;
			buildConfigurations = (
				4A42D4132555CF2D00067E57 /* Debug */,
				4A42D4142555CF2D00067E57 /* Release */,
			);
			defaultConfigurationIsVisible = 0;
			defaultConfigurationName = Release;
		};
/* End XCConfigurationList section */

/* Begin XCRemoteSwiftPackageReference section */
		4A42D4332555DAC800067E57 /* XCRemoteSwiftPackageReference "swift-log" */ = {
			isa = XCRemoteSwiftPackageReference;
			repositoryURL = "https://github.com/apple/swift-log";
			requirement = {
				kind = upToNextMajorVersion;
				minimumVersion = 1.4.0;
			};
		};
/* End XCRemoteSwiftPackageReference section */

/* Begin XCSwiftPackageProductDependency section */
		4A42D4342555DAC800067E57 /* Logging */ = {
			isa = XCSwiftPackageProductDependency;
			package = 4A42D4332555DAC800067E57 /* XCRemoteSwiftPackageReference "swift-log" */;
			productName = Logging;
		};
/* End XCSwiftPackageProductDependency section */
	};
	rootObject = 4A42D3DA2555CF2A00067E57 /* Project object */;
}
